{
  "pins" : [
    {
      "identity" : "drivekit-sdk-spm",
      "kind" : "remoteSourceControl",
      "location" : "https://github.com/DriveQuantPublic/drivekit-sdk-spm.git",
      "state" : {
        "revision" : "c978a6770467c719f08f54b90f13a77fe10f98ac",
        "version" : "3.2.0"
      }
    }
  ],
  "version" : 2
}
