{
  "pins" : [
    {
      "identity" : "drivekit-sdk-spm",
      "kind" : "remoteSourceControl",
      "location" : "https://github.com/DriveQuantPublic/drivekit-sdk-spm.git",
      "state" : {
        "revision" : "b4be7ff1fe0e3bb009d951cfbc0dd6014fe73396",
        "version" : "3.0.0"
      }
    }
  ],
  "version" : 2
}
