{
  "pins" : [
    {
      "identity" : "drivekit-sdk-spm",
      "kind" : "remoteSourceControl",
      "location" : "https://github.com/DriveQuantPublic/drivekit-sdk-spm.git",
      "state" : {
        "revision" : "21d1087caf3e0e4142d6324175dffca40bb5bed3",
        "version" : "2.26.0"
      }
    }
  ],
  "version" : 2
}
