{
  "pins" : [
    {
      "identity" : "drivekit-sdk-spm",
      "kind" : "remoteSourceControl",
      "location" : "https://github.com/DriveQuantPublic/drivekit-sdk-spm.git",
      "state" : {
        "revision" : "f2cb9787f648f1d0f93704616fab3e1dc6406819",
        "version" : "3.2.2"
      }
    }
  ],
  "version" : 2
}
