{
  "pins" : [
    {
      "identity" : "drivekit-sdk-spm",
      "kind" : "remoteSourceControl",
      "location" : "https://github.com/DriveQuantPublic/drivekit-sdk-spm.git",
      "state" : {
        "revision" : "7388e628f1ccf4b89fdff08877673cf3db0bed95",
        "version" : "3.3.1"
      }
    }
  ],
  "version" : 2
}
