{
  "pins" : [
    {
      "identity" : "drivekit-sdk-spm",
      "kind" : "remoteSourceControl",
      "location" : "https://github.com/DriveQuantPublic/drivekit-sdk-spm.git",
      "state" : {
        "revision" : "15232603fb356cde628469d197f542604b443d3e",
        "version" : "2.25.0"
      }
    }
  ],
  "version" : 2
}
