{
  "pins" : [
    {
      "identity" : "drivekit-sdk-spm",
      "kind" : "remoteSourceControl",
      "location" : "https://github.com/DriveQuantPublic/drivekit-sdk-spm.git",
      "state" : {
        "revision" : "316bf72465b2b5ab4782b4f016437675dda5ad56",
        "version" : "4.0.0-beta1"
      }
    }
  ],
  "version" : 2
}
