{
  "pins" : [
    {
      "identity" : "drivekit-sdk-spm",
      "kind" : "remoteSourceControl",
      "location" : "https://github.com/DriveQuantPublic/drivekit-sdk-spm.git",
      "state" : {
        "revision" : "883afff0af5f83073a82cc61758bdda625a5da8d",
        "version" : "3.4.0"
      }
    }
  ],
  "version" : 2
}
