{
  "pins" : [
    {
      "identity" : "drivekit-sdk-spm",
      "kind" : "remoteSourceControl",
      "location" : "https://github.com/DriveQuantPublic/drivekit-sdk-spm.git",
      "state" : {
        "revision" : "1a9870b427714f0c972a70f52e35acfa81b935c1",
        "version" : "3.2.1"
      }
    }
  ],
  "version" : 2
}
